
Microsoft Visual Studio Solution File, Format Version 12.00
# Visual Studio Version 16
VisualStudioVersion = 16.0.30523.141
MinimumVisualStudioVersion = 10.0.40219.1
Project("{9A19103F-16F7-4668-BE54-9A1E7A4F7556}") = "BallSortGenerator", "BallSortGenerator\BallSortGenerator.csproj", "{DC353776-1C91-4653-8682-9F0D4B5FC761}"
EndProject
Project("{9A19103F-16F7-4668-BE54-9A1E7A4F7556}") = "BallSortGeneratorRandomBall", "BallSortGeneratorRandomBall\BallSortGeneratorRandomBall.csproj", "{4A31EB22-D046-47E3-9964-46DB85B46A25}"
EndProject
Project("{9A19103F-16F7-4668-BE54-9A1E7A4F7556}") = "BallSortSolutionFinder", "BallSortSolutionFinder\BallSortSolutionFinder.csproj", "{735EE85F-85D5-4DCA-A60E-72A83DA2D822}"
EndProject
Global
	GlobalSection(SolutionConfigurationPlatforms) = preSolution
		Debug|Any CPU = Debug|Any CPU
		Release|Any CPU = Release|Any CPU
	EndGlobalSection
	GlobalSection(ProjectConfigurationPlatforms) = postSolution
		{DC353776-1C91-4653-8682-9F0D4B5FC761}.Debug|Any CPU.ActiveCfg = Debug|Any CPU
		{DC353776-1C91-4653-8682-9F0D4B5FC761}.Debug|Any CPU.Build.0 = Debug|Any CPU
		{DC353776-1C91-4653-8682-9F0D4B5FC761}.Release|Any CPU.ActiveCfg = Release|Any CPU
		{DC353776-1C91-4653-8682-9F0D4B5FC761}.Release|Any CPU.Build.0 = Release|Any CPU
		{4A31EB22-D046-47E3-9964-46DB85B46A25}.Debug|Any CPU.ActiveCfg = Debug|Any CPU
		{4A31EB22-D046-47E3-9964-46DB85B46A25}.Debug|Any CPU.Build.0 = Debug|Any CPU
		{4A31EB22-D046-47E3-9964-46DB85B46A25}.Release|Any CPU.ActiveCfg = Release|Any CPU
		{4A31EB22-D046-47E3-9964-46DB85B46A25}.Release|Any CPU.Build.0 = Release|Any CPU
		{735EE85F-85D5-4DCA-A60E-72A83DA2D822}.Debug|Any CPU.ActiveCfg = Debug|Any CPU
		{735EE85F-85D5-4DCA-A60E-72A83DA2D822}.Debug|Any CPU.Build.0 = Debug|Any CPU
		{735EE85F-85D5-4DCA-A60E-72A83DA2D822}.Release|Any CPU.ActiveCfg = Release|Any CPU
		{735EE85F-85D5-4DCA-A60E-72A83DA2D822}.Release|Any CPU.Build.0 = Release|Any CPU
	EndGlobalSection
	GlobalSection(SolutionProperties) = preSolution
		HideSolutionNode = FALSE
	EndGlobalSection
	GlobalSection(ExtensibilityGlobals) = postSolution
		SolutionGuid = {3C9C6C14-E5A9-483E-B0B2-DD099C9A276D}
	EndGlobalSection
EndGlobal
